
Microsoft Visual Studio Solution File, Format Version 12.00
# Visual Studio Version 16
VisualStudioVersion = 16.0.29020.237
MinimumVisualStudioVersion = 10.0.40219.1
Project("{9A19103F-16F7-4668-BE54-9A1E7A4F7556}") = "AnitomyNET", "AnitomyNET\AnitomyNET.csproj", "{23992A4C-9A7C-4E79-9642-3EE614826102}"
	ProjectSection(ProjectDependencies) = postProject
		{EFD68177-4775-470C-9E09-900E1EF09CAE} = {EFD68177-4775-470C-9E09-900E1EF09CAE}
	EndProjectSection
EndProject
Project("{8BC9CEB8-8B4A-11D0-8D11-00A0C91BC942}") = "AnitomyNET_Wrapper", "AnitomyNET_Wrapper\anitomyWrapper.vcxproj", "{EFD68177-4775-470C-9E09-900E1EF09CAE}"
EndProject
Global
	GlobalSection(SolutionConfigurationPlatforms) = preSolution
		Debug|Any CPU = Debug|Any CPU
		Debug|x64 = Debug|x64
		Debug|x86 = Debug|x86
		Release|Any CPU = Release|Any CPU
		Release|x64 = Release|x64
		Release|x86 = Release|x86
	EndGlobalSection
	GlobalSection(ProjectConfigurationPlatforms) = postSolution
		{23992A4C-9A7C-4E79-9642-3EE614826102}.Debug|Any CPU.ActiveCfg = Debug|Any CPU
		{23992A4C-9A7C-4E79-9642-3EE614826102}.Debug|Any CPU.Build.0 = Debug|Any CPU
		{23992A4C-9A7C-4E79-9642-3EE614826102}.Debug|x64.ActiveCfg = Debug|Any CPU
		{23992A4C-9A7C-4E79-9642-3EE614826102}.Debug|x64.Build.0 = Debug|Any CPU
		{23992A4C-9A7C-4E79-9642-3EE614826102}.Debug|x86.ActiveCfg = Debug|Any CPU
		{23992A4C-9A7C-4E79-9642-3EE614826102}.Debug|x86.Build.0 = Debug|Any CPU
		{23992A4C-9A7C-4E79-9642-3EE614826102}.Release|Any CPU.ActiveCfg = Release|Any CPU
		{23992A4C-9A7C-4E79-9642-3EE614826102}.Release|Any CPU.Build.0 = Release|Any CPU
		{23992A4C-9A7C-4E79-9642-3EE614826102}.Release|x64.ActiveCfg = Release|Any CPU
		{23992A4C-9A7C-4E79-9642-3EE614826102}.Release|x64.Build.0 = Release|Any CPU
		{23992A4C-9A7C-4E79-9642-3EE614826102}.Release|x86.ActiveCfg = Release|Any CPU
		{23992A4C-9A7C-4E79-9642-3EE614826102}.Release|x86.Build.0 = Release|Any CPU
		{EFD68177-4775-470C-9E09-900E1EF09CAE}.Debug|Any CPU.ActiveCfg = Debug|Win32
		{EFD68177-4775-470C-9E09-900E1EF09CAE}.Debug|x64.ActiveCfg = Debug|x64
		{EFD68177-4775-470C-9E09-900E1EF09CAE}.Debug|x64.Build.0 = Debug|x64
		{EFD68177-4775-470C-9E09-900E1EF09CAE}.Debug|x86.ActiveCfg = Debug|Win32
		{EFD68177-4775-470C-9E09-900E1EF09CAE}.Debug|x86.Build.0 = Debug|Win32
		{EFD68177-4775-470C-9E09-900E1EF09CAE}.Release|Any CPU.ActiveCfg = Release|Win32
		{EFD68177-4775-470C-9E09-900E1EF09CAE}.Release|x64.ActiveCfg = Release|x64
		{EFD68177-4775-470C-9E09-900E1EF09CAE}.Release|x64.Build.0 = Release|x64
		{EFD68177-4775-470C-9E09-900E1EF09CAE}.Release|x86.ActiveCfg = Release|Win32
		{EFD68177-4775-470C-9E09-900E1EF09CAE}.Release|x86.Build.0 = Release|Win32
	EndGlobalSection
	GlobalSection(SolutionProperties) = preSolution
		HideSolutionNode = FALSE
	EndGlobalSection
	GlobalSection(ExtensibilityGlobals) = postSolution
		SolutionGuid = {86C6081A-DA7C-4D0A-B163-650C30ADCA0F}
	EndGlobalSection
EndGlobal
