<?xml version="1.0" encoding="utf-8"?>
<Project ToolsVersion="4.0" xmlns="http://schemas.microsoft.com/developer/msbuild/2003">
  <ItemGroup>
    <Filter Include="Source Files">
      <UniqueIdentifier>{4FC737F1-C7A5-4376-A066-2A32D752A2FF}</UniqueIdentifier>
      <Extensions>cpp;c;cc;cxx;def;odl;idl;hpj;bat;asm;asmx</Extensions>
    </Filter>
    <Filter Include="Header Files">
      <UniqueIdentifier>{93995380-89BD-4b04-88EB-625FBE52EBFB}</UniqueIdentifier>
      <Extensions>h;hh;hpp;hxx;hm;inl;inc;xsd</Extensions>
    </Filter>
    <Filter Include="Resource Files">
      <UniqueIdentifier>{67DA6AB6-F800-4c08-8B7A-83BB121AAD01}</UniqueIdentifier>
      <Extensions>rc;ico;cur;bmp;dlg;rc2;rct;bin;rgs;gif;jpg;jpeg;jpe;resx;tiff;tif;png;wav;mfcribbon-ms</Extensions>
    </Filter>
    <Filter Include="Source Files\Anitomy">
      <UniqueIdentifier>{99c94ab9-a4dc-42ea-b151-4164e12bfe74}</UniqueIdentifier>
    </Filter>
  </ItemGroup>
  <ItemGroup>
    <ClInclude Include="stdafx.h">
      <Filter>Header Files</Filter>
    </ClInclude>
    <ClInclude Include="targetver.h">
      <Filter>Header Files</Filter>
    </ClInclude>
    <ClInclude Include="anitomy\anitomy.h">
      <Filter>Header Files</Filter>
    </ClInclude>
    <ClInclude Include="anitomy\element.h">
      <Filter>Header Files</Filter>
    </ClInclude>
    <ClInclude Include="anitomy\keyword.h">
      <Filter>Header Files</Filter>
    </ClInclude>
    <ClInclude Include="anitomy\options.h">
      <Filter>Header Files</Filter>
    </ClInclude>
    <ClInclude Include="anitomy\parser.h">
      <Filter>Header Files</Filter>
    </ClInclude>
    <ClInclude Include="anitomy\string.h">
      <Filter>Header Files</Filter>
    </ClInclude>
    <ClInclude Include="anitomy\token.h">
      <Filter>Header Files</Filter>
    </ClInclude>
    <ClInclude Include="anitomy\tokenizer.h">
      <Filter>Header Files</Filter>
    </ClInclude>
    <ClInclude Include="anitomy_wrapper.h">
      <Filter>Header Files</Filter>
    </ClInclude>
    <ClInclude Include="anitomy\anitomy\anitomy.h">
      <Filter>Header Files</Filter>
    </ClInclude>
    <ClInclude Include="anitomy\anitomy\element.h">
      <Filter>Header Files</Filter>
    </ClInclude>
    <ClInclude Include="anitomy\anitomy\keyword.h">
      <Filter>Header Files</Filter>
    </ClInclude>
    <ClInclude Include="anitomy\anitomy\options.h">
      <Filter>Header Files</Filter>
    </ClInclude>
    <ClInclude Include="anitomy\anitomy\parser.h">
      <Filter>Header Files</Filter>
    </ClInclude>
    <ClInclude Include="anitomy\anitomy\string.h">
      <Filter>Header Files</Filter>
    </ClInclude>
    <ClInclude Include="anitomy\anitomy\token.h">
      <Filter>Header Files</Filter>
    </ClInclude>
    <ClInclude Include="anitomy\anitomy\tokenizer.h">
      <Filter>Header Files</Filter>
    </ClInclude>
  </ItemGroup>
  <ItemGroup>
    <ClCompile Include="dllmain.cpp">
      <Filter>Source Files</Filter>
    </ClCompile>
    <ClCompile Include="anitomy_wrapper.cpp">
      <Filter>Source Files</Filter>
    </ClCompile>
    <ClCompile Include="anitomy\anitomy\anitomy.cpp">
      <Filter>Source Files\Anitomy</Filter>
    </ClCompile>
    <ClCompile Include="anitomy\anitomy\element.cpp">
      <Filter>Source Files\Anitomy</Filter>
    </ClCompile>
    <ClCompile Include="anitomy\anitomy\parser_number.cpp">
      <Filter>Source Files\Anitomy</Filter>
    </ClCompile>
    <ClCompile Include="anitomy\anitomy\parser_helper.cpp">
      <Filter>Source Files\Anitomy</Filter>
    </ClCompile>
    <ClCompile Include="anitomy\anitomy\parser.cpp">
      <Filter>Source Files\Anitomy</Filter>
    </ClCompile>
    <ClCompile Include="anitomy\anitomy\keyword.cpp">
      <Filter>Source Files\Anitomy</Filter>
    </ClCompile>
    <ClCompile Include="anitomy\anitomy\string.cpp">
      <Filter>Source Files\Anitomy</Filter>
    </ClCompile>
    <ClCompile Include="anitomy\anitomy\token.cpp">
      <Filter>Source Files\Anitomy</Filter>
    </ClCompile>
    <ClCompile Include="anitomy\anitomy\tokenizer.cpp">
      <Filter>Source Files\Anitomy</Filter>
    </ClCompile>
    <ClCompile Include="stdafx.cpp">
      <Filter>Source Files</Filter>
    </ClCompile>
  </ItemGroup>
</Project>